
Microsoft Visual Studio Solution File, Format Version 12.00
# Visual Studio Version 16
VisualStudioVersion = 16.0.809.0
MinimumVisualStudioVersion = 10.0.40219.1
Project("{FAE04EC0-301F-11D3-BF4B-00C04F79EFBC}") = "SkiCalculator", "SkiCalculator\SkiCalculator.csproj", "{B51AFC7D-0F49-4824-8E3C-6BCCA55A4BE4}"
EndProject
Project("{FAE04EC0-301F-11D3-BF4B-00C04F79EFBC}") = "SkiCalculatorTests", "SkiCalculatorTests\SkiCalculatorTests.csproj", "{7FA5EB41-7906-4FA6-8C97-091F7BCCB6C2}"
EndProject
Global
	GlobalSection(SolutionConfigurationPlatforms) = preSolution
		Debug|Any CPU = Debug|Any CPU
		Release|Any CPU = Release|Any CPU
	EndGlobalSection
	GlobalSection(ProjectConfigurationPlatforms) = postSolution
		{B51AFC7D-0F49-4824-8E3C-6BCCA55A4BE4}.Debug|Any CPU.ActiveCfg = Debug|Any CPU
		{B51AFC7D-0F49-4824-8E3C-6BCCA55A4BE4}.Debug|Any CPU.Build.0 = Debug|Any CPU
		{B51AFC7D-0F49-4824-8E3C-6BCCA55A4BE4}.Release|Any CPU.ActiveCfg = Release|Any CPU
		{B51AFC7D-0F49-4824-8E3C-6BCCA55A4BE4}.Release|Any CPU.Build.0 = Release|Any CPU
		{7FA5EB41-7906-4FA6-8C97-091F7BCCB6C2}.Debug|Any CPU.ActiveCfg = Debug|Any CPU
		{7FA5EB41-7906-4FA6-8C97-091F7BCCB6C2}.Debug|Any CPU.Build.0 = Debug|Any CPU
		{7FA5EB41-7906-4FA6-8C97-091F7BCCB6C2}.Release|Any CPU.ActiveCfg = Release|Any CPU
		{7FA5EB41-7906-4FA6-8C97-091F7BCCB6C2}.Release|Any CPU.Build.0 = Release|Any CPU
	EndGlobalSection
	GlobalSection(SolutionProperties) = preSolution
		HideSolutionNode = FALSE
	EndGlobalSection
	GlobalSection(ExtensibilityGlobals) = postSolution
		SolutionGuid = {34AE0BA4-1B51-47AD-B8F1-AC7FA7096976}
	EndGlobalSection
EndGlobal
